
Microsoft Visual Studio Solution File, Format Version 12.00
# Visual Studio Version 16
VisualStudioVersion = 16.0.32428.217
MinimumVisualStudioVersion = 10.0.40219.1
Project("{9A19103F-16F7-4668-BE54-9A1E7A4F7556}") = "HttpServer.Main", "HttpServer.Main\HttpServer.Main.csproj", "{DCAE358D-AB56-41B9-9889-C2CCE6A6E982}"
EndProject
Project("{9A19103F-16F7-4668-BE54-9A1E7A4F7556}") = "HttpServer.Test", "HttpServer.Test\HttpServer.Test.csproj", "{AEDF5330-49F7-4525-B1B5-C86AD3E95717}"
EndProject
Project("{9A19103F-16F7-4668-BE54-9A1E7A4F7556}") = "HttpServer.StaticFileServer", "HttpServer.StaticFileServer\HttpServer.StaticFileServer.csproj", "{74B9C0CF-A599-43B1-9308-141F1BA35DA0}"
EndProject
Project("{9A19103F-16F7-4668-BE54-9A1E7A4F7556}") = "HttpServer.Logging", "HttpServer.Logging\HttpServer.Logging.csproj", "{CD44ED1A-F488-4A6D-9EC2-3042D591AE61}"
EndProject
Project("{9A19103F-16F7-4668-BE54-9A1E7A4F7556}") = "HttpServer.WebServer", "HttpServer.WebServer\HttpServer.WebServer.csproj", "{E79C9754-5F2A-420A-A146-B0416BCACCF0}"
EndProject
Project("{FAE04EC0-301F-11D3-BF4B-00C04F79EFBC}") = "HttpServer.WebServer.Test", "HttpServer.WebServer.Test\HttpServer.WebServer.Test.csproj", "{9E11DA99-7189-4789-B702-D46E6620FB1D}"
EndProject
Global
	GlobalSection(SolutionConfigurationPlatforms) = preSolution
		Debug|Any CPU = Debug|Any CPU
		Release|Any CPU = Release|Any CPU
	EndGlobalSection
	GlobalSection(ProjectConfigurationPlatforms) = postSolution
		{DCAE358D-AB56-41B9-9889-C2CCE6A6E982}.Debug|Any CPU.ActiveCfg = Debug|Any CPU
		{DCAE358D-AB56-41B9-9889-C2CCE6A6E982}.Debug|Any CPU.Build.0 = Debug|Any CPU
		{DCAE358D-AB56-41B9-9889-C2CCE6A6E982}.Release|Any CPU.ActiveCfg = Release|Any CPU
		{DCAE358D-AB56-41B9-9889-C2CCE6A6E982}.Release|Any CPU.Build.0 = Release|Any CPU
		{AEDF5330-49F7-4525-B1B5-C86AD3E95717}.Debug|Any CPU.ActiveCfg = Debug|Any CPU
		{AEDF5330-49F7-4525-B1B5-C86AD3E95717}.Debug|Any CPU.Build.0 = Debug|Any CPU
		{AEDF5330-49F7-4525-B1B5-C86AD3E95717}.Release|Any CPU.ActiveCfg = Release|Any CPU
		{AEDF5330-49F7-4525-B1B5-C86AD3E95717}.Release|Any CPU.Build.0 = Release|Any CPU
		{74B9C0CF-A599-43B1-9308-141F1BA35DA0}.Debug|Any CPU.ActiveCfg = Debug|Any CPU
		{74B9C0CF-A599-43B1-9308-141F1BA35DA0}.Debug|Any CPU.Build.0 = Debug|Any CPU
		{74B9C0CF-A599-43B1-9308-141F1BA35DA0}.Release|Any CPU.ActiveCfg = Release|Any CPU
		{74B9C0CF-A599-43B1-9308-141F1BA35DA0}.Release|Any CPU.Build.0 = Release|Any CPU
		{CD44ED1A-F488-4A6D-9EC2-3042D591AE61}.Debug|Any CPU.ActiveCfg = Debug|Any CPU
		{CD44ED1A-F488-4A6D-9EC2-3042D591AE61}.Debug|Any CPU.Build.0 = Debug|Any CPU
		{CD44ED1A-F488-4A6D-9EC2-3042D591AE61}.Release|Any CPU.ActiveCfg = Release|Any CPU
		{CD44ED1A-F488-4A6D-9EC2-3042D591AE61}.Release|Any CPU.Build.0 = Release|Any CPU
		{E79C9754-5F2A-420A-A146-B0416BCACCF0}.Debug|Any CPU.ActiveCfg = Debug|Any CPU
		{E79C9754-5F2A-420A-A146-B0416BCACCF0}.Debug|Any CPU.Build.0 = Debug|Any CPU
		{E79C9754-5F2A-420A-A146-B0416BCACCF0}.Release|Any CPU.ActiveCfg = Release|Any CPU
		{E79C9754-5F2A-420A-A146-B0416BCACCF0}.Release|Any CPU.Build.0 = Release|Any CPU
		{9E11DA99-7189-4789-B702-D46E6620FB1D}.Debug|Any CPU.ActiveCfg = Debug|Any CPU
		{9E11DA99-7189-4789-B702-D46E6620FB1D}.Debug|Any CPU.Build.0 = Debug|Any CPU
		{9E11DA99-7189-4789-B702-D46E6620FB1D}.Release|Any CPU.ActiveCfg = Release|Any CPU
		{9E11DA99-7189-4789-B702-D46E6620FB1D}.Release|Any CPU.Build.0 = Release|Any CPU
	EndGlobalSection
	GlobalSection(SolutionProperties) = preSolution
		HideSolutionNode = FALSE
	EndGlobalSection
	GlobalSection(ExtensibilityGlobals) = postSolution
		SolutionGuid = {25FA98FF-6342-4504-A169-84784199AB29}
	EndGlobalSection
EndGlobal
